// !$*UTF8*$!
{
	archiveVersion = 1;
	classes = {
	};
	objectVersion = 46;
	objects = {

/* Begin PBXBuildFile section */
		A094C1361B97FEA80067F493 /* AppDelegate.swift in Sources */ = {isa = PBXBuildFile; fileRef = A094C1351B97FEA80067F493 /* AppDelegate.swift */; };
		A094C1381B97FEA80067F493 /* ViewController.swift in Sources */ = {isa = PBXBuildFile; fileRef = A094C1371B97FEA80067F493 /* ViewController.swift */; };
		A094C13B1B97FEA80067F493 /* Main.storyboard in Resources */ = {isa = PBXBuildFile; fileRef = A094C1391B97FEA80067F493 /* Main.storyboard */; };
		A094C13D1B97FEA80067F493 /* Assets.xcassets in Resources */ = {isa = PBXBuildFile; fileRef = A094C13C1B97FEA80067F493 /* Assets.xcassets */; };
		A94987591C06237F00285FB7 /* CounterModel.swift in Sources */ = {isa = PBXBuildFile; fileRef = A94987581C06237F00285FB7 /* CounterModel.swift */; };
		A9C252AF1D1C0F5000156FA7 /* LaunchScreen.xib in Resources */ = {isa = PBXBuildFile; fileRef = A9C252AD1D1C0F5000156FA7 /* LaunchScreen.xib */; };
/* End PBXBuildFile section */

/* Begin PBXFileReference section */
		A094C1321B97FEA80067F493 /* Counter.app */ = {isa = PBXFileReference; explicitFileType = wrapper.application; includeInIndex = 0; path = Counter.app; sourceTree = BUILT_PRODUCTS_DIR; };
		A094C1351B97FEA80067F493 /* AppDelegate.swift */ = {isa = PBXFileReference; lastKnownFileType = sourcecode.swift; path = AppDelegate.swift; sourceTree = "<group>"; };
		A094C1371B97FEA80067F493 /* ViewController.swift */ = {isa = PBXFileReference; lastKnownFileType = sourcecode.swift; path = ViewController.swift; sourceTree = "<group>"; };
		A094C13A1B97FEA80067F493 /* Base */ = {isa = PBXFileReference; lastKnownFileType = file.storyboard; name = Base; path = Base.lproj/Main.storyboard; sourceTree = "<group>"; };
		A094C13C1B97FEA80067F493 /* Assets.xcassets */ = {isa = PBXFileReference; lastKnownFileType = folder.assetcatalog; path = Assets.xcassets; sourceTree = "<group>"; };
		A094C1411B97FEA80067F493 /* Info.plist */ = {isa = PBXFileReference; lastKnownFileType = text.plist.xml; path = Info.plist; sourceTree = "<group>"; };
		A94987581C06237F00285FB7 /* CounterModel.swift */ = {isa = PBXFileReference; fileEncoding = 4; lastKnownFileType = sourcecode.swift; path = CounterModel.swift; sourceTree = "<group>"; };
		A9C252AE1D1C0F5000156FA7 /* Base */ = {isa = PBXFileReference; lastKnownFileType = file.xib; name = Base; path = Base.lproj/LaunchScreen.xib; sourceTree = "<group>"; };
/* End PBXFileReference section */

/* Begin PBXFrameworksBuildPhase section */
		A094C12F1B97FEA80067F493 /* Frameworks */ = {
			isa = PBXFrameworksBuildPhase;
			buildActionMask = 2147483647;
			files = (
			);
			runOnlyForDeploymentPostprocessing = 0;
		};
/* End PBXFrameworksBuildPhase section */

/* Begin PBXGroup section */
		A094C1291B97FEA80067F493 = {
			isa = PBXGroup;
			children = (
				A094C1341B97FEA80067F493 /* Counter */,
				A094C1331B97FEA80067F493 /* Products */,
			);
			sourceTree = "<group>";
		};
		A094C1331B97FEA80067F493 /* Products */ = {
			isa = PBXGroup;
			children = (
				A094C1321B97FEA80067F493 /* Counter.app */,
			);
			name = Products;
			sourceTree = "<group>";
		};
		A094C1341B97FEA80067F493 /* Counter */ = {
			isa = PBXGroup;
			children = (
				A9C252AD1D1C0F5000156FA7 /* LaunchScreen.xib */,
				A094C1351B97FEA80067F493 /* AppDelegate.swift */,
				A94987581C06237F00285FB7 /* CounterModel.swift */,
				A094C1371B97FEA80067F493 /* ViewController.swift */,
				A094C1391B97FEA80067F493 /* Main.storyboard */,
				A094C13C1B97FEA80067F493 /* Assets.xcassets */,
				A094C1411B97FEA80067F493 /* Info.plist */,
			);
			path = Counter;
			sourceTree = "<group>";
		};
/* End PBXGroup section */

/* Begin PBXNativeTarget section */
		A094C1311B97FEA80067F493 /* Counter */ = {
			isa = PBXNativeTarget;
			buildConfigurationList = A094C15A1B97FEA90067F493 /* Build configuration list for PBXNativeTarget "Counter" */;
			buildPhases = (
				A094C12E1B97FEA80067F493 /* Sources */,
				A094C12F1B97FEA80067F493 /* Frameworks */,
				A094C1301B97FEA80067F493 /* Resources */,
			);
			buildRules = (
			);
			dependencies = (
			);
			name = Counter;
			productName = Counter;
			productReference = A094C1321B97FEA80067F493 /* Counter.app */;
			productType = "com.apple.product-type.application";
		};
/* End PBXNativeTarget section */

/* Begin PBXProject section */
		A094C12A1B97FEA80067F493 /* Project object */ = {
			isa = PBXProject;
			attributes = {
				LastSwiftUpdateCheck = 0710;
				LastUpgradeCheck = 0700;
				ORGANIZATIONNAME = Udacity;
				TargetAttributes = {
					A094C1311B97FEA80067F493 = {
						CreatedOnToolsVersion = 7.0;
					};
				};
			};
			buildConfigurationList = A094C12D1B97FEA80067F493 /* Build configuration list for PBXProject "Counter" */;
			compatibilityVersion = "Xcode 3.2";
			developmentRegion = English;
			hasScannedForEncodings = 0;
			knownRegions = (
				en,
				Base,
			);
			mainGroup = A094C1291B97FEA80067F493;
			productRefGroup = A094C1331B97FEA80067F493 /* Products */;
			projectDirPath = "";
			projectRoot = "";
			targets = (
				A094C1311B97FEA80067F493 /* Counter */,
			);
		};
/* End PBXProject section */

/* Begin PBXResourcesBuildPhase section */
		A094C1301B97FEA80067F493 /* Resources */ = {
			isa = PBXResourcesBuildPhase;
			buildActionMask = 2147483647;
			files = (
				A094C13D1B97FEA80067F493 /* Assets.xcassets in Resources */,
				A9C252AF1D1C0F5000156FA7 /* LaunchScreen.xib in Resources */,
				A094C13B1B97FEA80067F493 /* Main.storyboard in Resources */,
			);
			runOnlyForDeploymentPostprocessing = 0;
		};
/* End PBXResourcesBuildPhase section */

/* Begin PBXSourcesBuildPhase section */
		A094C12E1B97FEA80067F493 /* Sources */ = {
			isa = PBXSourcesBuildPhase;
			buildActionMask = 2147483647;
			files = (
				A094C1381B97FEA80067F493 /* ViewController.swift in Sources */,
				A094C1361B97FEA80067F493 /* AppDelegate.swift in Sources */,
				A94987591C06237F00285FB7 /* CounterModel.swift in Sources */,
			);
			runOnlyForDeploymentPostprocessing = 0;
		};
/* End PBXSourcesBuildPhase section */

/* Begin PBXVariantGroup section */
		A094C1391B97FEA80067F493 /* Main.storyboard */ = {
			isa = PBXVariantGroup;
			children = (
				A094C13A1B97FEA80067F493 /* Base */,
			);
			name = Main.storyboard;
			sourceTree = "<group>";
		};
		A9C252AD1D1C0F5000156FA7 /* LaunchScreen.xib */ = {
			isa = PBXVariantGroup;
			children = (
				A9C252AE1D1C0F5000156FA7 /* Base */,
			);
			name = LaunchScreen.xib;
			sourceTree = "<group>";
		};
/* End PBXVariantGroup section */

/* Begin XCBuildConfiguration section */
		A094C1581B97FEA90067F493 /* Debug */ = {
			isa = XCBuildConfiguration;
			buildSettings = {
				ALWAYS_SEARCH_USER_PATHS = NO;
				CLANG_CXX_LANGUAGE_STANDARD = "gnu++0x";
				CLANG_CXX_LIBRARY = "libc++";
				CLANG_ENABLE_MODULES = YES;
				CLANG_ENABLE_OBJC_ARC = YES;
				CLANG_WARN_BOOL_CONVERSION = YES;
				CLANG_WARN_CONSTANT_CONVERSION = YES;
				CLANG_WARN_DIRECT_OBJC_ISA_USAGE = YES_ERROR;
				CLANG_WARN_EMPTY_BODY = YES;
				CLANG_WARN_ENUM_CONVERSION = YES;
				CLANG_WARN_INT_CONVERSION = YES;
				CLANG_WARN_OBJC_ROOT_CLASS = YES_ERROR;
				CLANG_WARN_UNREACHABLE_CODE = YES;
				CLANG_WARN__DUPLICATE_METHOD_MATCH = YES;
				"CODE_SIGN_IDENTITY[sdk=iphoneos*]" = "iPhone Developer";
				COPY_PHASE_STRIP = NO;
				DEBUG_INFORMATION_FORMAT = dwarf;
				ENABLE_STRICT_OBJC_MSGSEND = YES;
				ENABLE_TESTABILITY = YES;
				GCC_C_LANGUAGE_STANDARD = gnu99;
				GCC_DYNAMIC_NO_PIC = NO;
				GCC_NO_COMMON_BLOCKS = YES;
				GCC_OPTIMIZATION_LEVEL = 0;
				GCC_PREPROCESSOR_DEFINITIONS = (
					"DEBUG=1",
					"$(inherited)",
				);
				GCC_WARN_64_TO_32_BIT_CONVERSION = YES;
				GCC_WARN_ABOUT_RETURN_TYPE = YES_ERROR;
				GCC_WARN_UNDECLARED_SELECTOR = YES;
				GCC_WARN_UNINITIALIZED_AUTOS = YES_AGGRESSIVE;
				GCC_WARN_UNUSED_FUNCTION = YES;
				GCC_WARN_UNUSED_VARIABLE = YES;
				IPHONEOS_DEPLOYMENT_TARGET = 9.0;
				MTL_ENABLE_DEBUG_INFO = YES;
				ONLY_ACTIVE_ARCH = YES;
				SDKROOT = iphoneos;
				SWIFT_OPTIMIZATION_LEVEL = "-Onone";
				TARGETED_DEVICE_FAMILY = "1,2";
			};
			name = Debug;
		};
		A094C1591B97FEA90067F493 /* Release */ = {
			isa = XCBuildConfiguration;
			buildSettings = {
				ALWAYS_SEARCH_USER_PATHS = NO;
				CLANG_CXX_LANGUAGE_STANDARD = "gnu++0x";
				CLANG_CXX_LIBRARY = "libc++";
				CLANG_ENABLE_MODULES = YES;
				CLANG_ENABLE_OBJC_ARC = YES;
				CLANG_WARN_BOOL_CONVERSION = YES;
				CLANG_WARN_CONSTANT_CONVERSION = YES;
				CLANG_WARN_DIRECT_OBJC_ISA_USAGE = YES_ERROR;
				CLANG_WARN_EMPTY_BODY = YES;
				CLANG_WARN_ENUM_CONVERSION = YES;
				CLANG_WARN_INT_CONVERSION = YES;
				CLANG_WARN_OBJC_ROOT_CLASS = YES_ERROR;
				CLANG_WARN_UNREACHABLE_CODE = YES;
				CLANG_WARN__DUPLICATE_METHOD_MATCH = YES;
				"CODE_SIGN_IDENTITY[sdk=iphoneos*]" = "iPhone Developer";
				COPY_PHASE_STRIP = NO;
				DEBUG_INFORMATION_FORMAT = "dwarf-with-dsym";
				ENABLE_NS_ASSERTIONS = NO;
				ENABLE_STRICT_OBJC_MSGSEND = YES;
				GCC_C_LANGUAGE_STANDARD = gnu99;
				GCC_NO_COMMON_BLOCKS = YES;
				GCC_WARN_64_TO_32_BIT_CONVERSION = YES;
				GCC_WARN_ABOUT_RETURN_TYPE = YES_ERROR;
				GCC_WARN_UNDECLARED_SELECTOR = YES;
				GCC_WARN_UNINITIALIZED_AUTOS = YES_AGGRESSIVE;
				GCC_WARN_UNUSED_FUNCTION = YES;
				GCC_WARN_UNUSED_VARIABLE = YES;
				IPHONEOS_DEPLOYMENT_TARGET = 9.0;
				MTL_ENABLE_DEBUG_INFO = NO;
				SDKROOT = iphoneos;
				TARGETED_DEVICE_FAMILY = "1,2";
				VALIDATE_PRODUCT = YES;
			};
			name = Release;
		};
		A094C15B1B97FEA90067F493 /* Debug */ = {
			isa = XCBuildConfiguration;
			buildSettings = {
				ASSETCATALOG_COMPILER_APPICON_NAME = AppIcon;
				INFOPLIST_FILE = Counter/Info.plist;
				LD_RUNPATH_SEARCH_PATHS = "$(inherited) @executable_path/Frameworks";
				PRODUCT_BUNDLE_IDENTIFIER = udacity.Counter;
				PRODUCT_NAME = "$(TARGET_NAME)";
			};
			name = Debug;
		};
		A094C15C1B97FEA90067F493 /* Release */ = {
			isa = XCBuildConfiguration;
			buildSettings = {
				ASSETCATALOG_COMPILER_APPICON_NAME = AppIcon;
				INFOPLIST_FILE = Counter/Info.plist;
				LD_RUNPATH_SEARCH_PATHS = "$(inherited) @executable_path/Frameworks";
				PRODUCT_BUNDLE_IDENTIFIER = udacity.Counter;
				PRODUCT_NAME = "$(TARGET_NAME)";
			};
			name = Release;
		};
/* End XCBuildConfiguration section */

/* Begin XCConfigurationList section */
		A094C12D1B97FEA80067F493 /* Build configuration list for PBXProject "Counter" */ = {
			isa = XCConfigurationList;
			buildConfigurations = (
				A094C1581B97FEA90067F493 /* Debug */,
				A094C1591B97FEA90067F493 /* Release */,
			);
			defaultConfigurationIsVisible = 0;
			defaultConfigurationName = Release;
		};
		A094C15A1B97FEA90067F493 /* Build configuration list for PBXNativeTarget "Counter" */ = {
			isa = XCConfigurationList;
			buildConfigurations = (
				A094C15B1B97FEA90067F493 /* Debug */,
				A094C15C1B97FEA90067F493 /* Release */,
			);
			defaultConfigurationIsVisible = 0;
			defaultConfigurationName = Release;
		};
/* End XCConfigurationList section */
	};
	rootObject = A094C12A1B97FEA80067F493 /* Project object */;
}
